{
  "name": "tsm-analysis",
  "version": "1.0.0",
  "lockfileVersion": 1,
  "requires": true,
  "dependencies": {
    "@dogstudio/highway": {
      "version": "2.2.1",
      "resolved": "https://registry.npmjs.org/@dogstudio/highway/-/highway-2.2.1.tgz",
      "integrity": "sha512-/03I5fib34y22VGjYFy2y1U0LHPlodH/Ua+YHil6CRf1tcD8uCIHvSH2s2B9rc2I9hjEPTC9I3VfYBIYKiXLAg==",
      "requires": {
        "tiny-emitter": "^2.1.0"
      }
    },
    "gsap": {
      "version": "3.5.1",
      "resolved": "https://registry.npmjs.org/gsap/-/gsap-3.5.1.tgz",
      "integrity": "sha512-EMV0RSUKZNeTUzLKAizGlwxVOUyif3/g8I3S1aA/hf3gbqwBvmQ02x1RdTBQNQMOpHCVBv9y/vaHwfctoAg8zw=="
    },
    "tiny-emitter": {
      "version": "2.1.0",
      "resolved": "https://registry.npmjs.org/tiny-emitter/-/tiny-emitter-2.1.0.tgz",
      "integrity": "sha512-NB6Dk1A9xgQPMoGqC5CVXn123gWyte215ONT5Pp5a0yt4nlEoO1ZWeCwpncaekPHXO60i47ihFnZPiRPjRMq4Q=="
    }
  }
}
